
Microsoft Visual Studio Solution File, Format Version 12.00
# Visual Studio 15
VisualStudioVersion = 15.0.26228.4
MinimumVisualStudioVersion = 10.0.40219.1
Project("{F2A71F9B-5D33-465A-A702-920D77279786}") = "Tutorial1", "Tutorial1\Tutorial1.fsproj", "{A58A65E0-C086-4389-B392-9EB0A1C6BB53}"
EndProject
Project("{FAE04EC0-301F-11D3-BF4B-00C04F79EFBC}") = "Front-End", "Front-End\Front-End.csproj", "{C5DC2F8B-6F39-4BAB-96C5-3AD969D56663}"
EndProject
Project("{F2A71F9B-5D33-465A-A702-920D77279786}") = "Game", "Game\Game.fsproj", "{BFED6E93-7122-4784-8856-C49A3DAA39DB}"
EndProject
Global
	GlobalSection(SolutionConfigurationPlatforms) = preSolution
		Debug|Any CPU = Debug|Any CPU
		Release|Any CPU = Release|Any CPU
	EndGlobalSection
	GlobalSection(ProjectConfigurationPlatforms) = postSolution
		{A58A65E0-C086-4389-B392-9EB0A1C6BB53}.Debug|Any CPU.ActiveCfg = Debug|Any CPU
		{A58A65E0-C086-4389-B392-9EB0A1C6BB53}.Debug|Any CPU.Build.0 = Debug|Any CPU
		{A58A65E0-C086-4389-B392-9EB0A1C6BB53}.Release|Any CPU.ActiveCfg = Release|Any CPU
		{A58A65E0-C086-4389-B392-9EB0A1C6BB53}.Release|Any CPU.Build.0 = Release|Any CPU
		{C5DC2F8B-6F39-4BAB-96C5-3AD969D56663}.Debug|Any CPU.ActiveCfg = Debug|Any CPU
		{C5DC2F8B-6F39-4BAB-96C5-3AD969D56663}.Debug|Any CPU.Build.0 = Debug|Any CPU
		{C5DC2F8B-6F39-4BAB-96C5-3AD969D56663}.Release|Any CPU.ActiveCfg = Release|Any CPU
		{C5DC2F8B-6F39-4BAB-96C5-3AD969D56663}.Release|Any CPU.Build.0 = Release|Any CPU
		{BFED6E93-7122-4784-8856-C49A3DAA39DB}.Debug|Any CPU.ActiveCfg = Debug|Any CPU
		{BFED6E93-7122-4784-8856-C49A3DAA39DB}.Debug|Any CPU.Build.0 = Debug|Any CPU
		{BFED6E93-7122-4784-8856-C49A3DAA39DB}.Release|Any CPU.ActiveCfg = Release|Any CPU
		{BFED6E93-7122-4784-8856-C49A3DAA39DB}.Release|Any CPU.Build.0 = Release|Any CPU
	EndGlobalSection
	GlobalSection(SolutionProperties) = preSolution
		HideSolutionNode = FALSE
	EndGlobalSection
EndGlobal
